
Microsoft Visual Studio Solution File, Format Version 12.00
# Visual Studio Version 17
VisualStudioVersion = 17.13.36105.23 d17.13
MinimumVisualStudioVersion = 10.0.40219.1
Project("{FAE04EC0-301F-11D3-BF4B-00C04F79EFBC}") = "PlumbworldDemo", "PlumbworldDemo\PlumbworldDemo.csproj", "{88B2495C-4DDC-454E-B48A-1A9A2A3A0D95}"
EndProject
Project("{FAE04EC0-301F-11D3-BF4B-00C04F79EFBC}") = "PlumbworldDemoTests", "PlumbworldDemoTests\PlumbworldDemoTests.csproj", "{5891D818-0139-4E6D-9E1C-FCE5F534430A}"
EndProject
Global
	GlobalSection(SolutionConfigurationPlatforms) = preSolution
		Debug|Any CPU = Debug|Any CPU
		Release|Any CPU = Release|Any CPU
	EndGlobalSection
	GlobalSection(ProjectConfigurationPlatforms) = postSolution
		{88B2495C-4DDC-454E-B48A-1A9A2A3A0D95}.Debug|Any CPU.ActiveCfg = Debug|Any CPU
		{88B2495C-4DDC-454E-B48A-1A9A2A3A0D95}.Debug|Any CPU.Build.0 = Debug|Any CPU
		{88B2495C-4DDC-454E-B48A-1A9A2A3A0D95}.Release|Any CPU.ActiveCfg = Release|Any CPU
		{88B2495C-4DDC-454E-B48A-1A9A2A3A0D95}.Release|Any CPU.Build.0 = Release|Any CPU
		{5891D818-0139-4E6D-9E1C-FCE5F534430A}.Debug|Any CPU.ActiveCfg = Debug|Any CPU
		{5891D818-0139-4E6D-9E1C-FCE5F534430A}.Debug|Any CPU.Build.0 = Debug|Any CPU
		{5891D818-0139-4E6D-9E1C-FCE5F534430A}.Release|Any CPU.ActiveCfg = Release|Any CPU
		{5891D818-0139-4E6D-9E1C-FCE5F534430A}.Release|Any CPU.Build.0 = Release|Any CPU
	EndGlobalSection
	GlobalSection(SolutionProperties) = preSolution
		HideSolutionNode = FALSE
	EndGlobalSection
	GlobalSection(ExtensibilityGlobals) = postSolution
		SolutionGuid = {E434FF44-95DB-4DFC-9C0B-DCBB533E2E58}
	EndGlobalSection
EndGlobal
